// !$*UTF8*$!
{
	archiveVersion = 1;
	classes = {
	};
	objectVersion = 46;
	objects = {

/* Begin PBXBuildFile section */
		B5152C461A6A40B000515055 /* main.m in Sources */ = {isa = PBXBuildFile; fileRef = B5152C451A6A40B000515055 /* main.m */; };
		B5152C491A6A40B000515055 /* AppDelegate.m in Sources */ = {isa = PBXBuildFile; fileRef = B5152C481A6A40B000515055 /* AppDelegate.m */; };
		B5152C511A6A40B000515055 /* Images.xcassets in Resources */ = {isa = PBXBuildFile; fileRef = B5152C501A6A40B000515055 /* Images.xcassets */; };
		B5152C541A6A40B000515055 /* LaunchScreen.xib in Resources */ = {isa = PBXBuildFile; fileRef = B5152C521A6A40B000515055 /* LaunchScreen.xib */; };
		B5152C601A6A40B100515055 /* HomepwnerTests.m in Sources */ = {isa = PBXBuildFile; fileRef = B5152C5F1A6A40B100515055 /* HomepwnerTests.m */; };
		B5152C6B1A6A427300515055 /* BNRItemsViewController.m in Sources */ = {isa = PBXBuildFile; fileRef = B5152C6A1A6A427300515055 /* BNRItemsViewController.m */; };
		B5152C6E1A6AE97F00515055 /* BNRItem.m in Sources */ = {isa = PBXBuildFile; fileRef = B5152C6D1A6AE97F00515055 /* BNRItem.m */; };
		B5152C711A6AEF4900515055 /* BNRItemStore.m in Sources */ = {isa = PBXBuildFile; fileRef = B5152C701A6AEF4900515055 /* BNRItemStore.m */; };
/* End PBXBuildFile section */

/* Begin PBXContainerItemProxy section */
		B5152C5A1A6A40B000515055 /* PBXContainerItemProxy */ = {
			isa = PBXContainerItemProxy;
			containerPortal = B5152C381A6A40B000515055 /* Project object */;
			proxyType = 1;
			remoteGlobalIDString = B5152C3F1A6A40B000515055;
			remoteInfo = Homepwner;
		};
/* End PBXContainerItemProxy section */

/* Begin PBXFileReference section */
		B5152C401A6A40B000515055 /* Homepwner.app */ = {isa = PBXFileReference; explicitFileType = wrapper.application; includeInIndex = 0; path = Homepwner.app; sourceTree = BUILT_PRODUCTS_DIR; };
		B5152C441A6A40B000515055 /* Info.plist */ = {isa = PBXFileReference; lastKnownFileType = text.plist.xml; path = Info.plist; sourceTree = "<group>"; };
		B5152C451A6A40B000515055 /* main.m */ = {isa = PBXFileReference; lastKnownFileType = sourcecode.c.objc; path = main.m; sourceTree = "<group>"; };
		B5152C471A6A40B000515055 /* AppDelegate.h */ = {isa = PBXFileReference; lastKnownFileType = sourcecode.c.h; path = AppDelegate.h; sourceTree = "<group>"; };
		B5152C481A6A40B000515055 /* AppDelegate.m */ = {isa = PBXFileReference; lastKnownFileType = sourcecode.c.objc; path = AppDelegate.m; sourceTree = "<group>"; };
		B5152C501A6A40B000515055 /* Images.xcassets */ = {isa = PBXFileReference; lastKnownFileType = folder.assetcatalog; path = Images.xcassets; sourceTree = "<group>"; };
		B5152C531A6A40B000515055 /* Base */ = {isa = PBXFileReference; lastKnownFileType = file.xib; name = Base; path = Base.lproj/LaunchScreen.xib; sourceTree = "<group>"; };
		B5152C591A6A40B000515055 /* HomepwnerTests.xctest */ = {isa = PBXFileReference; explicitFileType = wrapper.cfbundle; includeInIndex = 0; path = HomepwnerTests.xctest; sourceTree = BUILT_PRODUCTS_DIR; };
		B5152C5E1A6A40B000515055 /* Info.plist */ = {isa = PBXFileReference; lastKnownFileType = text.plist.xml; path = Info.plist; sourceTree = "<group>"; };
		B5152C5F1A6A40B100515055 /* HomepwnerTests.m */ = {isa = PBXFileReference; lastKnownFileType = sourcecode.c.objc; path = HomepwnerTests.m; sourceTree = "<group>"; };
		B5152C691A6A427300515055 /* BNRItemsViewController.h */ = {isa = PBXFileReference; fileEncoding = 4; lastKnownFileType = sourcecode.c.h; path = BNRItemsViewController.h; sourceTree = "<group>"; };
		B5152C6A1A6A427300515055 /* BNRItemsViewController.m */ = {isa = PBXFileReference; fileEncoding = 4; lastKnownFileType = sourcecode.c.objc; path = BNRItemsViewController.m; sourceTree = "<group>"; };
		B5152C6C1A6AE97F00515055 /* BNRItem.h */ = {isa = PBXFileReference; fileEncoding = 4; lastKnownFileType = sourcecode.c.h; path = BNRItem.h; sourceTree = "<group>"; };
		B5152C6D1A6AE97F00515055 /* BNRItem.m */ = {isa = PBXFileReference; fileEncoding = 4; lastKnownFileType = sourcecode.c.objc; path = BNRItem.m; sourceTree = "<group>"; };
		B5152C6F1A6AEF4900515055 /* BNRItemStore.h */ = {isa = PBXFileReference; fileEncoding = 4; lastKnownFileType = sourcecode.c.h; path = BNRItemStore.h; sourceTree = "<group>"; };
		B5152C701A6AEF4900515055 /* BNRItemStore.m */ = {isa = PBXFileReference; fileEncoding = 4; lastKnownFileType = sourcecode.c.objc; path = BNRItemStore.m; sourceTree = "<group>"; };
/* End PBXFileReference section */

/* Begin PBXFrameworksBuildPhase section */
		B5152C3D1A6A40B000515055 /* Frameworks */ = {
			isa = PBXFrameworksBuildPhase;
			buildActionMask = 2147483647;
			files = (
			);
			runOnlyForDeploymentPostprocessing = 0;
		};
		B5152C561A6A40B000515055 /* Frameworks */ = {
			isa = PBXFrameworksBuildPhase;
			buildActionMask = 2147483647;
			files = (
			);
			runOnlyForDeploymentPostprocessing = 0;
		};
/* End PBXFrameworksBuildPhase section */

/* Begin PBXGroup section */
		B5152C371A6A40B000515055 = {
			isa = PBXGroup;
			children = (
				B5152C421A6A40B000515055 /* Homepwner */,
				B5152C5C1A6A40B000515055 /* HomepwnerTests */,
				B5152C411A6A40B000515055 /* Products */,
			);
			sourceTree = "<group>";
		};
		B5152C411A6A40B000515055 /* Products */ = {
			isa = PBXGroup;
			children = (
				B5152C401A6A40B000515055 /* Homepwner.app */,
				B5152C591A6A40B000515055 /* HomepwnerTests.xctest */,
			);
			name = Products;
			sourceTree = "<group>";
		};
		B5152C421A6A40B000515055 /* Homepwner */ = {
			isa = PBXGroup;
			children = (
				B5152C6C1A6AE97F00515055 /* BNRItem.h */,
				B5152C6D1A6AE97F00515055 /* BNRItem.m */,
				B5152C471A6A40B000515055 /* AppDelegate.h */,
				B5152C481A6A40B000515055 /* AppDelegate.m */,
				B5152C501A6A40B000515055 /* Images.xcassets */,
				B5152C521A6A40B000515055 /* LaunchScreen.xib */,
				B5152C431A6A40B000515055 /* Supporting Files */,
				B5152C691A6A427300515055 /* BNRItemsViewController.h */,
				B5152C6A1A6A427300515055 /* BNRItemsViewController.m */,
				B5152C6F1A6AEF4900515055 /* BNRItemStore.h */,
				B5152C701A6AEF4900515055 /* BNRItemStore.m */,
			);
			path = Homepwner;
			sourceTree = "<group>";
		};
		B5152C431A6A40B000515055 /* Supporting Files */ = {
			isa = PBXGroup;
			children = (
				B5152C441A6A40B000515055 /* Info.plist */,
				B5152C451A6A40B000515055 /* main.m */,
			);
			name = "Supporting Files";
			sourceTree = "<group>";
		};
		B5152C5C1A6A40B000515055 /* HomepwnerTests */ = {
			isa = PBXGroup;
			children = (
				B5152C5F1A6A40B100515055 /* HomepwnerTests.m */,
				B5152C5D1A6A40B000515055 /* Supporting Files */,
			);
			path = HomepwnerTests;
			sourceTree = "<group>";
		};
		B5152C5D1A6A40B000515055 /* Supporting Files */ = {
			isa = PBXGroup;
			children = (
				B5152C5E1A6A40B000515055 /* Info.plist */,
			);
			name = "Supporting Files";
			sourceTree = "<group>";
		};
/* End PBXGroup section */

/* Begin PBXNativeTarget section */
		B5152C3F1A6A40B000515055 /* Homepwner */ = {
			isa = PBXNativeTarget;
			buildConfigurationList = B5152C631A6A40B100515055 /* Build configuration list for PBXNativeTarget "Homepwner" */;
			buildPhases = (
				B5152C3C1A6A40B000515055 /* Sources */,
				B5152C3D1A6A40B000515055 /* Frameworks */,
				B5152C3E1A6A40B000515055 /* Resources */,
			);
			buildRules = (
			);
			dependencies = (
			);
			name = Homepwner;
			productName = Homepwner;
			productReference = B5152C401A6A40B000515055 /* Homepwner.app */;
			productType = "com.apple.product-type.application";
		};
		B5152C581A6A40B000515055 /* HomepwnerTests */ = {
			isa = PBXNativeTarget;
			buildConfigurationList = B5152C661A6A40B100515055 /* Build configuration list for PBXNativeTarget "HomepwnerTests" */;
			buildPhases = (
				B5152C551A6A40B000515055 /* Sources */,
				B5152C561A6A40B000515055 /* Frameworks */,
				B5152C571A6A40B000515055 /* Resources */,
			);
			buildRules = (
			);
			dependencies = (
				B5152C5B1A6A40B000515055 /* PBXTargetDependency */,
			);
			name = HomepwnerTests;
			productName = HomepwnerTests;
			productReference = B5152C591A6A40B000515055 /* HomepwnerTests.xctest */;
			productType = "com.apple.product-type.bundle.unit-test";
		};
/* End PBXNativeTarget section */

/* Begin PBXProject section */
		B5152C381A6A40B000515055 /* Project object */ = {
			isa = PBXProject;
			attributes = {
				LastUpgradeCheck = 0610;
				ORGANIZATIONNAME = "Big Nerd Ranch";
				TargetAttributes = {
					B5152C3F1A6A40B000515055 = {
						CreatedOnToolsVersion = 6.1.1;
					};
					B5152C581A6A40B000515055 = {
						CreatedOnToolsVersion = 6.1.1;
						TestTargetID = B5152C3F1A6A40B000515055;
					};
				};
			};
			buildConfigurationList = B5152C3B1A6A40B000515055 /* Build configuration list for PBXProject "Homepwner" */;
			compatibilityVersion = "Xcode 3.2";
			developmentRegion = English;
			hasScannedForEncodings = 0;
			knownRegions = (
				en,
				Base,
			);
			mainGroup = B5152C371A6A40B000515055;
			productRefGroup = B5152C411A6A40B000515055 /* Products */;
			projectDirPath = "";
			projectRoot = "";
			targets = (
				B5152C3F1A6A40B000515055 /* Homepwner */,
				B5152C581A6A40B000515055 /* HomepwnerTests */,
			);
		};
/* End PBXProject section */

/* Begin PBXResourcesBuildPhase section */
		B5152C3E1A6A40B000515055 /* Resources */ = {
			isa = PBXResourcesBuildPhase;
			buildActionMask = 2147483647;
			files = (
				B5152C541A6A40B000515055 /* LaunchScreen.xib in Resources */,
				B5152C511A6A40B000515055 /* Images.xcassets in Resources */,
			);
			runOnlyForDeploymentPostprocessing = 0;
		};
		B5152C571A6A40B000515055 /* Resources */ = {
			isa = PBXResourcesBuildPhase;
			buildActionMask = 2147483647;
			files = (
			);
			runOnlyForDeploymentPostprocessing = 0;
		};
/* End PBXResourcesBuildPhase section */

/* Begin PBXSourcesBuildPhase section */
		B5152C3C1A6A40B000515055 /* Sources */ = {
			isa = PBXSourcesBuildPhase;
			buildActionMask = 2147483647;
			files = (
				B5152C711A6AEF4900515055 /* BNRItemStore.m in Sources */,
				B5152C6B1A6A427300515055 /* BNRItemsViewController.m in Sources */,
				B5152C6E1A6AE97F00515055 /* BNRItem.m in Sources */,
				B5152C491A6A40B000515055 /* AppDelegate.m in Sources */,
				B5152C461A6A40B000515055 /* main.m in Sources */,
			);
			runOnlyForDeploymentPostprocessing = 0;
		};
		B5152C551A6A40B000515055 /* Sources */ = {
			isa = PBXSourcesBuildPhase;
			buildActionMask = 2147483647;
			files = (
				B5152C601A6A40B100515055 /* HomepwnerTests.m in Sources */,
			);
			runOnlyForDeploymentPostprocessing = 0;
		};
/* End PBXSourcesBuildPhase section */

/* Begin PBXTargetDependency section */
		B5152C5B1A6A40B000515055 /* PBXTargetDependency */ = {
			isa = PBXTargetDependency;
			target = B5152C3F1A6A40B000515055 /* Homepwner */;
			targetProxy = B5152C5A1A6A40B000515055 /* PBXContainerItemProxy */;
		};
/* End PBXTargetDependency section */

/* Begin PBXVariantGroup section */
		B5152C521A6A40B000515055 /* LaunchScreen.xib */ = {
			isa = PBXVariantGroup;
			children = (
				B5152C531A6A40B000515055 /* Base */,
			);
			name = LaunchScreen.xib;
			sourceTree = "<group>";
		};
/* End PBXVariantGroup section */

/* Begin XCBuildConfiguration section */
		B5152C611A6A40B100515055 /* Debug */ = {
			isa = XCBuildConfiguration;
			buildSettings = {
				ALWAYS_SEARCH_USER_PATHS = NO;
				CLANG_CXX_LANGUAGE_STANDARD = "gnu++0x";
				CLANG_CXX_LIBRARY = "libc++";
				CLANG_ENABLE_MODULES = YES;
				CLANG_ENABLE_OBJC_ARC = YES;
				CLANG_WARN_BOOL_CONVERSION = YES;
				CLANG_WARN_CONSTANT_CONVERSION = YES;
				CLANG_WARN_DIRECT_OBJC_ISA_USAGE = YES_ERROR;
				CLANG_WARN_EMPTY_BODY = YES;
				CLANG_WARN_ENUM_CONVERSION = YES;
				CLANG_WARN_INT_CONVERSION = YES;
				CLANG_WARN_OBJC_ROOT_CLASS = YES_ERROR;
				CLANG_WARN_UNREACHABLE_CODE = YES;
				CLANG_WARN__DUPLICATE_METHOD_MATCH = YES;
				"CODE_SIGN_IDENTITY[sdk=iphoneos*]" = "iPhone Developer";
				COPY_PHASE_STRIP = NO;
				ENABLE_STRICT_OBJC_MSGSEND = YES;
				GCC_C_LANGUAGE_STANDARD = gnu99;
				GCC_DYNAMIC_NO_PIC = NO;
				GCC_OPTIMIZATION_LEVEL = 0;
				GCC_PREPROCESSOR_DEFINITIONS = (
					"DEBUG=1",
					"$(inherited)",
				);
				GCC_SYMBOLS_PRIVATE_EXTERN = NO;
				GCC_WARN_64_TO_32_BIT_CONVERSION = YES;
				GCC_WARN_ABOUT_RETURN_TYPE = YES_ERROR;
				GCC_WARN_UNDECLARED_SELECTOR = YES;
				GCC_WARN_UNINITIALIZED_AUTOS = YES_AGGRESSIVE;
				GCC_WARN_UNUSED_FUNCTION = YES;
				GCC_WARN_UNUSED_VARIABLE = YES;
				IPHONEOS_DEPLOYMENT_TARGET = 8.1;
				MTL_ENABLE_DEBUG_INFO = YES;
				ONLY_ACTIVE_ARCH = YES;
				SDKROOT = iphoneos;
			};
			name = Debug;
		};
		B5152C621A6A40B100515055 /* Release */ = {
			isa = XCBuildConfiguration;
			buildSettings = {
				ALWAYS_SEARCH_USER_PATHS = NO;
				CLANG_CXX_LANGUAGE_STANDARD = "gnu++0x";
				CLANG_CXX_LIBRARY = "libc++";
				CLANG_ENABLE_MODULES = YES;
				CLANG_ENABLE_OBJC_ARC = YES;
				CLANG_WARN_BOOL_CONVERSION = YES;
				CLANG_WARN_CONSTANT_CONVERSION = YES;
				CLANG_WARN_DIRECT_OBJC_ISA_USAGE = YES_ERROR;
				CLANG_WARN_EMPTY_BODY = YES;
				CLANG_WARN_ENUM_CONVERSION = YES;
				CLANG_WARN_INT_CONVERSION = YES;
				CLANG_WARN_OBJC_ROOT_CLASS = YES_ERROR;
				CLANG_WARN_UNREACHABLE_CODE = YES;
				CLANG_WARN__DUPLICATE_METHOD_MATCH = YES;
				"CODE_SIGN_IDENTITY[sdk=iphoneos*]" = "iPhone Developer";
				COPY_PHASE_STRIP = YES;
				ENABLE_NS_ASSERTIONS = NO;
				ENABLE_STRICT_OBJC_MSGSEND = YES;
				GCC_C_LANGUAGE_STANDARD = gnu99;
				GCC_WARN_64_TO_32_BIT_CONVERSION = YES;
				GCC_WARN_ABOUT_RETURN_TYPE = YES_ERROR;
				GCC_WARN_UNDECLARED_SELECTOR = YES;
				GCC_WARN_UNINITIALIZED_AUTOS = YES_AGGRESSIVE;
				GCC_WARN_UNUSED_FUNCTION = YES;
				GCC_WARN_UNUSED_VARIABLE = YES;
				IPHONEOS_DEPLOYMENT_TARGET = 8.1;
				MTL_ENABLE_DEBUG_INFO = NO;
				SDKROOT = iphoneos;
				VALIDATE_PRODUCT = YES;
			};
			name = Release;
		};
		B5152C641A6A40B100515055 /* Debug */ = {
			isa = XCBuildConfiguration;
			buildSettings = {
				ASSETCATALOG_COMPILER_APPICON_NAME = AppIcon;
				INFOPLIST_FILE = Homepwner/Info.plist;
				LD_RUNPATH_SEARCH_PATHS = "$(inherited) @executable_path/Frameworks";
				PRODUCT_NAME = "$(TARGET_NAME)";
			};
			name = Debug;
		};
		B5152C651A6A40B100515055 /* Release */ = {
			isa = XCBuildConfiguration;
			buildSettings = {
				ASSETCATALOG_COMPILER_APPICON_NAME = AppIcon;
				INFOPLIST_FILE = Homepwner/Info.plist;
				LD_RUNPATH_SEARCH_PATHS = "$(inherited) @executable_path/Frameworks";
				PRODUCT_NAME = "$(TARGET_NAME)";
			};
			name = Release;
		};
		B5152C671A6A40B100515055 /* Debug */ = {
			isa = XCBuildConfiguration;
			buildSettings = {
				BUNDLE_LOADER = "$(TEST_HOST)";
				FRAMEWORK_SEARCH_PATHS = (
					"$(SDKROOT)/Developer/Library/Frameworks",
					"$(inherited)",
				);
				GCC_PREPROCESSOR_DEFINITIONS = (
					"DEBUG=1",
					"$(inherited)",
				);
				INFOPLIST_FILE = HomepwnerTests/Info.plist;
				LD_RUNPATH_SEARCH_PATHS = "$(inherited) @executable_path/Frameworks @loader_path/Frameworks";
				PRODUCT_NAME = "$(TARGET_NAME)";
				TEST_HOST = "$(BUILT_PRODUCTS_DIR)/Homepwner.app/Homepwner";
			};
			name = Debug;
		};
		B5152C681A6A40B100515055 /* Release */ = {
			isa = XCBuildConfiguration;
			buildSettings = {
				BUNDLE_LOADER = "$(TEST_HOST)";
				FRAMEWORK_SEARCH_PATHS = (
					"$(SDKROOT)/Developer/Library/Frameworks",
					"$(inherited)",
				);
				INFOPLIST_FILE = HomepwnerTests/Info.plist;
				LD_RUNPATH_SEARCH_PATHS = "$(inherited) @executable_path/Frameworks @loader_path/Frameworks";
				PRODUCT_NAME = "$(TARGET_NAME)";
				TEST_HOST = "$(BUILT_PRODUCTS_DIR)/Homepwner.app/Homepwner";
			};
			name = Release;
		};
/* End XCBuildConfiguration section */

/* Begin XCConfigurationList section */
		B5152C3B1A6A40B000515055 /* Build configuration list for PBXProject "Homepwner" */ = {
			isa = XCConfigurationList;
			buildConfigurations = (
				B5152C611A6A40B100515055 /* Debug */,
				B5152C621A6A40B100515055 /* Release */,
			);
			defaultConfigurationIsVisible = 0;
			defaultConfigurationName = Release;
		};
		B5152C631A6A40B100515055 /* Build configuration list for PBXNativeTarget "Homepwner" */ = {
			isa = XCConfigurationList;
			buildConfigurations = (
				B5152C641A6A40B100515055 /* Debug */,
				B5152C651A6A40B100515055 /* Release */,
			);
			defaultConfigurationIsVisible = 0;
		};
		B5152C661A6A40B100515055 /* Build configuration list for PBXNativeTarget "HomepwnerTests" */ = {
			isa = XCConfigurationList;
			buildConfigurations = (
				B5152C671A6A40B100515055 /* Debug */,
				B5152C681A6A40B100515055 /* Release */,
			);
			defaultConfigurationIsVisible = 0;
		};
/* End XCConfigurationList section */
	};
	rootObject = B5152C381A6A40B000515055 /* Project object */;
}
